// !$*UTF8*$!
{
	archiveVersion = 1;
	classes = {
	};
	objectVersion = 46;
	objects = {

/* Begin PBXBuildFile section */
		230543791471DC2A00B3A1E2 /* blueArrow.png in Resources */ = {isa = PBXBuildFile; fileRef = 230543761471DC2A00B3A1E2 /* blueArrow.png */; };
		2305437A1471DC2A00B3A1E2 /* greenArrow.png in Resources */ = {isa = PBXBuildFile; fileRef = 230543771471DC2A00B3A1E2 /* greenArrow.png */; };
		2306F33914781D5400EBBAC2 /* MessageUI.framework in Frameworks */ = {isa = PBXBuildFile; fileRef = 2306F33814781D5400EBBAC2 /* MessageUI.framework */; };
		230D47DE147470A80055677F /* iAd.framework in Frameworks */ = {isa = PBXBuildFile; fileRef = 230D47DD147470A80055677F /* iAd.framework */; };
		2311B29C1471CE5F00500D9A /* icon-Small-50.png in Resources */ = {isa = PBXBuildFile; fileRef = 2311B29B1471CE5F00500D9A /* icon-Small-50.png */; };
		2340AA5D1620B7DB0043337E /* ShuttleSort.m in Sources */ = {isa = PBXBuildFile; fileRef = 2340AA5C1620B7DB0043337E /* ShuttleSort.m */; };
		2340AA601620BA160043337E /* Default-568h@2x.png in Resources */ = {isa = PBXBuildFile; fileRef = 2340AA5F1620BA160043337E /* Default-568h@2x.png */; };
		2340AAFF162111E70043337E /* MainStoryboard_iPad.storyboard in Resources */ = {isa = PBXBuildFile; fileRef = 2340AAFB162111E40043337E /* MainStoryboard_iPad.storyboard */; };
		2340AB00162111E70043337E /* MainStoryboard_iPhone.storyboard in Resources */ = {isa = PBXBuildFile; fileRef = 2340AAFD162111E50043337E /* MainStoryboard_iPhone.storyboard */; };
		23620C801471CCCA00960C7E /* icon-72.png in Resources */ = {isa = PBXBuildFile; fileRef = 23620C7F1471CCCA00960C7E /* icon-72.png */; };
		23695B81148001B000318306 /* QuickSort.m in Sources */ = {isa = PBXBuildFile; fileRef = 23695B80148001B000318306 /* QuickSort.m */; };
		236F66CF149BB9C3004E1E6C /* IAPPuchased.plist in Resources */ = {isa = PBXBuildFile; fileRef = 236F66CE149BB9C3004E1E6C /* IAPPuchased.plist */; };
		236F66D1149BB9D6004E1E6C /* IAPProducts.plist in Resources */ = {isa = PBXBuildFile; fileRef = 236F66D0149BB9D6004E1E6C /* IAPProducts.plist */; };
		236F66DA149BF1F1004E1E6C /* StoreKit.framework in Frameworks */ = {isa = PBXBuildFile; fileRef = 236F66D9149BF1F1004E1E6C /* StoreKit.framework */; };
		236F66E2149BF26C004E1E6C /* MBProgressHUD.m in Sources */ = {isa = PBXBuildFile; fileRef = 236F66DF149BF26B004E1E6C /* MBProgressHUD.m */; };
		236F66E3149BF26C004E1E6C /* Reachability.m in Sources */ = {isa = PBXBuildFile; fileRef = 236F66E1149BF26B004E1E6C /* Reachability.m */; };
		2397A262146DFA3F00FABD16 /* InsertionSort.m in Sources */ = {isa = PBXBuildFile; fileRef = 2397A261146DFA3F00FABD16 /* InsertionSort.m */; };
		2397A266146DFA7600FABD16 /* MergeSort.m in Sources */ = {isa = PBXBuildFile; fileRef = 2397A265146DFA7600FABD16 /* MergeSort.m */; };
		23A9D0B2147173C000F42D66 /* BubbleSort.m in Sources */ = {isa = PBXBuildFile; fileRef = 23A9D0B1147173C000F42D66 /* BubbleSort.m */; };
		23A9D0B6147177CE00F42D66 /* SelectionSort.m in Sources */ = {isa = PBXBuildFile; fileRef = 23A9D0B5147177CD00F42D66 /* SelectionSort.m */; };
		23AA85B71471F3E300AA29B7 /* CocoaHelper.m in Sources */ = {isa = PBXBuildFile; fileRef = 23AA85B61471F3E200AA29B7 /* CocoaHelper.m */; };
		23AA85BC1471F40000AA29B7 /* ConfigMenuViewController.m in Sources */ = {isa = PBXBuildFile; fileRef = 23AA85BA1471F3FF00AA29B7 /* ConfigMenuViewController.m */; };
		23AA85BD1471F40000AA29B7 /* ConfigMenuViewController.xib in Resources */ = {isa = PBXBuildFile; fileRef = 23AA85BB1471F3FF00AA29B7 /* ConfigMenuViewController.xib */; };
		23D12AE91475A2CE0032BA2B /* redArrow.png in Resources */ = {isa = PBXBuildFile; fileRef = 23D12AE81475A2CE0032BA2B /* redArrow.png */; };
		23D341761474D74100C2D55C /* MapKit.framework in Frameworks */ = {isa = PBXBuildFile; fileRef = 23D341751474D74000C2D55C /* MapKit.framework */; };
		23D341781474D76C00C2D55C /* AddressBook.framework in Frameworks */ = {isa = PBXBuildFile; fileRef = 23D341771474D76C00C2D55C /* AddressBook.framework */; };
		23D3417A1474D77800C2D55C /* MediaPlayer.framework in Frameworks */ = {isa = PBXBuildFile; fileRef = 23D341791474D77800C2D55C /* MediaPlayer.framework */; };
		23D3417E1474D79F00C2D55C /* SystemConfiguration.framework in Frameworks */ = {isa = PBXBuildFile; fileRef = 23D3417D1474D79F00C2D55C /* SystemConfiguration.framework */; };
		23D341801474D7B900C2D55C /* libz.dylib in Frameworks */ = {isa = PBXBuildFile; fileRef = 23D3417F1474D7B900C2D55C /* libz.dylib */; };
		23D341821474D7C600C2D55C /* libsqlite3.dylib in Frameworks */ = {isa = PBXBuildFile; fileRef = 23D341811474D7C500C2D55C /* libsqlite3.dylib */; };
		23D341841474D8CF00C2D55C /* CoreLocation.framework in Frameworks */ = {isa = PBXBuildFile; fileRef = 23D341831474D8CF00C2D55C /* CoreLocation.framework */; };
		23D995CA1459A2F6005D0DD2 /* QuartzCore.framework in Frameworks */ = {isa = PBXBuildFile; fileRef = 23D995C91459A2F6005D0DD2 /* QuartzCore.framework */; };
		23D995CC1459A2F6005D0DD2 /* OpenGLES.framework in Frameworks */ = {isa = PBXBuildFile; fileRef = 23D995CB1459A2F6005D0DD2 /* OpenGLES.framework */; };
		23D995CE1459A2F6005D0DD2 /* OpenAL.framework in Frameworks */ = {isa = PBXBuildFile; fileRef = 23D995CD1459A2F6005D0DD2 /* OpenAL.framework */; };
		23D995D01459A2F6005D0DD2 /* AudioToolbox.framework in Frameworks */ = {isa = PBXBuildFile; fileRef = 23D995CF1459A2F6005D0DD2 /* AudioToolbox.framework */; };
		23D995D21459A2F6005D0DD2 /* AVFoundation.framework in Frameworks */ = {isa = PBXBuildFile; fileRef = 23D995D11459A2F6005D0DD2 /* AVFoundation.framework */; };
		23D995D41459A2F6005D0DD2 /* UIKit.framework in Frameworks */ = {isa = PBXBuildFile; fileRef = 23D995D31459A2F6005D0DD2 /* UIKit.framework */; };
		23D995D61459A2F6005D0DD2 /* Foundation.framework in Frameworks */ = {isa = PBXBuildFile; fileRef = 23D995D51459A2F6005D0DD2 /* Foundation.framework */; };
		23D995D81459A2F6005D0DD2 /* CoreGraphics.framework in Frameworks */ = {isa = PBXBuildFile; fileRef = 23D995D71459A2F6005D0DD2 /* CoreGraphics.framework */; };
		23D995DC1459A2F6005D0DD2 /* Default.png in Resources */ = {isa = PBXBuildFile; fileRef = 23D995DB1459A2F6005D0DD2 /* Default.png */; };
		23D995DE1459A2F6005D0DD2 /* fps_images.png in Resources */ = {isa = PBXBuildFile; fileRef = 23D995DD1459A2F6005D0DD2 /* fps_images.png */; };
		23D995E41459A2F6005D0DD2 /* Icon-Small.png in Resources */ = {isa = PBXBuildFile; fileRef = 23D995E31459A2F6005D0DD2 /* Icon-Small.png */; };
		23D995E61459A2F6005D0DD2 /* Icon-Small@2x.png in Resources */ = {isa = PBXBuildFile; fileRef = 23D995E51459A2F6005D0DD2 /* Icon-Small@2x.png */; };
		23D995E81459A2F6005D0DD2 /* Icon.png in Resources */ = {isa = PBXBuildFile; fileRef = 23D995E71459A2F6005D0DD2 /* Icon.png */; };
		23D995EA1459A2F6005D0DD2 /* Icon@2x.png in Resources */ = {isa = PBXBuildFile; fileRef = 23D995E91459A2F6005D0DD2 /* Icon@2x.png */; };
		23D995ED1459A2F6005D0DD2 /* iTunesArtwork in Resources */ = {isa = PBXBuildFile; fileRef = 23D995EC1459A2F6005D0DD2 /* iTunesArtwork */; };
		23D997231459A2F7005D0DD2 /* main.m in Sources */ = {isa = PBXBuildFile; fileRef = 23D997221459A2F7005D0DD2 /* main.m */; };
		23D997261459A2F7005D0DD2 /* AppDelegate.m in Sources */ = {isa = PBXBuildFile; fileRef = 23D997251459A2F7005D0DD2 /* AppDelegate.m */; };
		23D997291459A2F7005D0DD2 /* RootViewController.m in Sources */ = {isa = PBXBuildFile; fileRef = 23D997281459A2F7005D0DD2 /* RootViewController.m */; };
		23D9972C1459A2F7005D0DD2 /* HelloWorldLayer.m in Sources */ = {isa = PBXBuildFile; fileRef = 23D9972B1459A2F7005D0DD2 /* HelloWorldLayer.m */; };
		23D997351459A3B1005D0DD2 /* HeapSort.m in Sources */ = {isa = PBXBuildFile; fileRef = 23D997341459A3B1005D0DD2 /* HeapSort.m */; };
		23D997381459FB79005D0DD2 /* SortAction.m in Sources */ = {isa = PBXBuildFile; fileRef = 23D997371459FB78005D0DD2 /* SortAction.m */; };
		23EF5BA21472F5C000835B15 /* ConfigMenuViewControlleriPhone.m in Sources */ = {isa = PBXBuildFile; fileRef = 23EF5BA01472F5C000835B15 /* ConfigMenuViewControlleriPhone.m */; };
		23EF5BA31472F5C000835B15 /* ConfigMenuViewControlleriPhone.xib in Resources */ = {isa = PBXBuildFile; fileRef = 23EF5BA11472F5C000835B15 /* ConfigMenuViewControlleriPhone.xib */; };
		8CC808BD85754F92A7B13629 /* libPods.a in Frameworks */ = {isa = PBXBuildFile; fileRef = 1D54701B140447E0A2C3E75E /* libPods.a */; };
/* End PBXBuildFile section */

/* Begin PBXFileReference section */
		1D54701B140447E0A2C3E75E /* libPods.a */ = {isa = PBXFileReference; explicitFileType = archive.ar; includeInIndex = 0; path = libPods.a; sourceTree = BUILT_PRODUCTS_DIR; };
		230543761471DC2A00B3A1E2 /* blueArrow.png */ = {isa = PBXFileReference; lastKnownFileType = image.png; path = blueArrow.png; sourceTree = "<group>"; };
		230543771471DC2A00B3A1E2 /* greenArrow.png */ = {isa = PBXFileReference; lastKnownFileType = image.png; path = greenArrow.png; sourceTree = "<group>"; };
		2306F33814781D5400EBBAC2 /* MessageUI.framework */ = {isa = PBXFileReference; includeInIndex = 1; lastKnownFileType = wrapper.framework; name = MessageUI.framework; path = System/Library/Frameworks/MessageUI.framework; sourceTree = SDKROOT; };
		230D47DD147470A80055677F /* iAd.framework */ = {isa = PBXFileReference; includeInIndex = 1; lastKnownFileType = wrapper.framework; name = iAd.framework; path = System/Library/Frameworks/iAd.framework; sourceTree = SDKROOT; };
		2311B29B1471CE5F00500D9A /* icon-Small-50.png */ = {isa = PBXFileReference; lastKnownFileType = image.png; name = "icon-Small-50.png"; path = "../icon-Small-50.png"; sourceTree = "<group>"; };
		2340AA5B1620B7DB0043337E /* ShuttleSort.h */ = {isa = PBXFileReference; fileEncoding = 4; lastKnownFileType = sourcecode.c.h; path = ShuttleSort.h; sourceTree = "<group>"; };
		2340AA5C1620B7DB0043337E /* ShuttleSort.m */ = {isa = PBXFileReference; fileEncoding = 4; lastKnownFileType = sourcecode.c.objc; path = ShuttleSort.m; sourceTree = "<group>"; };
		2340AA5F1620BA160043337E /* Default-568h@2x.png */ = {isa = PBXFileReference; lastKnownFileType = image.png; path = "Default-568h@2x.png"; sourceTree = "<group>"; };
		2340AA971620FE720043337E /* Constants.h */ = {isa = PBXFileReference; fileEncoding = 4; lastKnownFileType = sourcecode.c.h; path = Constants.h; sourceTree = "<group>"; };
		2340AAFC162111E50043337E /* en */ = {isa = PBXFileReference; lastKnownFileType = file.storyboard; name = en; path = en.lproj/MainStoryboard_iPad.storyboard; sourceTree = "<group>"; };
		2340AAFE162111E70043337E /* en */ = {isa = PBXFileReference; lastKnownFileType = file.storyboard; name = en; path = en.lproj/MainStoryboard_iPhone.storyboard; sourceTree = "<group>"; };
		23620C7F1471CCCA00960C7E /* icon-72.png */ = {isa = PBXFileReference; lastKnownFileType = image.png; name = "icon-72.png"; path = "../icon-72.png"; sourceTree = "<group>"; };
		23695B7F148001B000318306 /* QuickSort.h */ = {isa = PBXFileReference; fileEncoding = 4; lastKnownFileType = sourcecode.c.h; path = QuickSort.h; sourceTree = "<group>"; };
		23695B80148001B000318306 /* QuickSort.m */ = {isa = PBXFileReference; fileEncoding = 4; lastKnownFileType = sourcecode.c.objc; path = QuickSort.m; sourceTree = "<group>"; };
		236F66CE149BB9C3004E1E6C /* IAPPuchased.plist */ = {isa = PBXFileReference; fileEncoding = 4; lastKnownFileType = text.plist.xml; path = IAPPuchased.plist; sourceTree = "<group>"; };
		236F66D0149BB9D6004E1E6C /* IAPProducts.plist */ = {isa = PBXFileReference; fileEncoding = 4; lastKnownFileType = text.plist.xml; path = IAPProducts.plist; sourceTree = "<group>"; };
		236F66D9149BF1F1004E1E6C /* StoreKit.framework */ = {isa = PBXFileReference; includeInIndex = 1; lastKnownFileType = wrapper.framework; name = StoreKit.framework; path = System/Library/Frameworks/StoreKit.framework; sourceTree = SDKROOT; };
		236F66DE149BF26B004E1E6C /* MBProgressHUD.h */ = {isa = PBXFileReference; fileEncoding = 4; lastKnownFileType = sourcecode.c.h; path = MBProgressHUD.h; sourceTree = "<group>"; };
		236F66DF149BF26B004E1E6C /* MBProgressHUD.m */ = {isa = PBXFileReference; fileEncoding = 4; lastKnownFileType = sourcecode.c.objc; path = MBProgressHUD.m; sourceTree = "<group>"; };
		236F66E0149BF26B004E1E6C /* Reachability.h */ = {isa = PBXFileReference; fileEncoding = 4; lastKnownFileType = sourcecode.c.h; path = Reachability.h; sourceTree = "<group>"; };
		236F66E1149BF26B004E1E6C /* Reachability.m */ = {isa = PBXFileReference; fileEncoding = 4; lastKnownFileType = sourcecode.c.objc; path = Reachability.m; sourceTree = "<group>"; };
		2397A260146DFA3F00FABD16 /* InsertionSort.h */ = {isa = PBXFileReference; fileEncoding = 4; lastKnownFileType = sourcecode.c.h; path = InsertionSort.h; sourceTree = "<group>"; };
		2397A261146DFA3F00FABD16 /* InsertionSort.m */ = {isa = PBXFileReference; fileEncoding = 4; lastKnownFileType = sourcecode.c.objc; path = InsertionSort.m; sourceTree = "<group>"; };
		2397A264146DFA7600FABD16 /* MergeSort.h */ = {isa = PBXFileReference; fileEncoding = 4; lastKnownFileType = sourcecode.c.h; path = MergeSort.h; sourceTree = "<group>"; };
		2397A265146DFA7600FABD16 /* MergeSort.m */ = {isa = PBXFileReference; fileEncoding = 4; lastKnownFileType = sourcecode.c.objc; path = MergeSort.m; sourceTree = "<group>"; };
		23A9D0B0147173C000F42D66 /* BubbleSort.h */ = {isa = PBXFileReference; fileEncoding = 4; lastKnownFileType = sourcecode.c.h; path = BubbleSort.h; sourceTree = "<group>"; };
		23A9D0B1147173C000F42D66 /* BubbleSort.m */ = {isa = PBXFileReference; fileEncoding = 4; lastKnownFileType = sourcecode.c.objc; path = BubbleSort.m; sourceTree = "<group>"; };
		23A9D0B4147177CD00F42D66 /* SelectionSort.h */ = {isa = PBXFileReference; fileEncoding = 4; lastKnownFileType = sourcecode.c.h; path = SelectionSort.h; sourceTree = "<group>"; };
		23A9D0B5147177CD00F42D66 /* SelectionSort.m */ = {isa = PBXFileReference; fileEncoding = 4; lastKnownFileType = sourcecode.c.objc; path = SelectionSort.m; sourceTree = "<group>"; };
		23AA85B51471F3E200AA29B7 /* CocoaHelper.h */ = {isa = PBXFileReference; fileEncoding = 4; lastKnownFileType = sourcecode.c.h; path = CocoaHelper.h; sourceTree = "<group>"; };
		23AA85B61471F3E200AA29B7 /* CocoaHelper.m */ = {isa = PBXFileReference; fileEncoding = 4; lastKnownFileType = sourcecode.c.objc; path = CocoaHelper.m; sourceTree = "<group>"; };
		23AA85B91471F3FF00AA29B7 /* ConfigMenuViewController.h */ = {isa = PBXFileReference; fileEncoding = 4; lastKnownFileType = sourcecode.c.h; path = ConfigMenuViewController.h; sourceTree = "<group>"; };
		23AA85BA1471F3FF00AA29B7 /* ConfigMenuViewController.m */ = {isa = PBXFileReference; fileEncoding = 4; lastKnownFileType = sourcecode.c.objc; path = ConfigMenuViewController.m; sourceTree = "<group>"; };
		23AA85BB1471F3FF00AA29B7 /* ConfigMenuViewController.xib */ = {isa = PBXFileReference; fileEncoding = 4; lastKnownFileType = file.xib; path = ConfigMenuViewController.xib; sourceTree = "<group>"; };
		23D12AE81475A2CE0032BA2B /* redArrow.png */ = {isa = PBXFileReference; lastKnownFileType = image.png; path = redArrow.png; sourceTree = "<group>"; };
		23D341751474D74000C2D55C /* MapKit.framework */ = {isa = PBXFileReference; includeInIndex = 1; lastKnownFileType = wrapper.framework; name = MapKit.framework; path = System/Library/Frameworks/MapKit.framework; sourceTree = SDKROOT; };
		23D341771474D76C00C2D55C /* AddressBook.framework */ = {isa = PBXFileReference; includeInIndex = 1; lastKnownFileType = wrapper.framework; name = AddressBook.framework; path = System/Library/Frameworks/AddressBook.framework; sourceTree = SDKROOT; };
		23D341791474D77800C2D55C /* MediaPlayer.framework */ = {isa = PBXFileReference; includeInIndex = 1; lastKnownFileType = wrapper.framework; name = MediaPlayer.framework; path = System/Library/Frameworks/MediaPlayer.framework; sourceTree = SDKROOT; };
		23D3417D1474D79F00C2D55C /* SystemConfiguration.framework */ = {isa = PBXFileReference; includeInIndex = 1; lastKnownFileType = wrapper.framework; name = SystemConfiguration.framework; path = System/Library/Frameworks/SystemConfiguration.framework; sourceTree = SDKROOT; };
		23D3417F1474D7B900C2D55C /* libz.dylib */ = {isa = PBXFileReference; includeInIndex = 1; lastKnownFileType = "compiled.mach-o.dylib"; name = libz.dylib; path = usr/lib/libz.dylib; sourceTree = SDKROOT; };
		23D341811474D7C500C2D55C /* libsqlite3.dylib */ = {isa = PBXFileReference; includeInIndex = 1; lastKnownFileType = "compiled.mach-o.dylib"; name = libsqlite3.dylib; path = usr/lib/libsqlite3.dylib; sourceTree = SDKROOT; };
		23D341831474D8CF00C2D55C /* CoreLocation.framework */ = {isa = PBXFileReference; includeInIndex = 1; lastKnownFileType = wrapper.framework; name = CoreLocation.framework; path = System/Library/Frameworks/CoreLocation.framework; sourceTree = SDKROOT; };
		23D995C51459A2F6005D0DD2 /* SortIt.app */ = {isa = PBXFileReference; explicitFileType = wrapper.application; includeInIndex = 0; path = SortIt.app; sourceTree = BUILT_PRODUCTS_DIR; };
		23D995C91459A2F6005D0DD2 /* QuartzCore.framework */ = {isa = PBXFileReference; includeInIndex = 1; lastKnownFileType = wrapper.framework; name = QuartzCore.framework; path = System/Library/Frameworks/QuartzCore.framework; sourceTree = SDKROOT; };
		23D995CB1459A2F6005D0DD2 /* OpenGLES.framework */ = {isa = PBXFileReference; includeInIndex = 1; lastKnownFileType = wrapper.framework; name = OpenGLES.framework; path = System/Library/Frameworks/OpenGLES.framework; sourceTree = SDKROOT; };
		23D995CD1459A2F6005D0DD2 /* OpenAL.framework */ = {isa = PBXFileReference; includeInIndex = 1; lastKnownFileType = wrapper.framework; name = OpenAL.framework; path = System/Library/Frameworks/OpenAL.framework; sourceTree = SDKROOT; };
		23D995CF1459A2F6005D0DD2 /* AudioToolbox.framework */ = {isa = PBXFileReference; includeInIndex = 1; lastKnownFileType = wrapper.framework; name = AudioToolbox.framework; path = System/Library/Frameworks/AudioToolbox.framework; sourceTree = SDKROOT; };
		23D995D11459A2F6005D0DD2 /* AVFoundation.framework */ = {isa = PBXFileReference; includeInIndex = 1; lastKnownFileType = wrapper.framework; name = AVFoundation.framework; path = System/Library/Frameworks/AVFoundation.framework; sourceTree = SDKROOT; };
		23D995D31459A2F6005D0DD2 /* UIKit.framework */ = {isa = PBXFileReference; includeInIndex = 1; lastKnownFileType = wrapper.framework; name = UIKit.framework; path = System/Library/Frameworks/UIKit.framework; sourceTree = SDKROOT; };
		23D995D51459A2F6005D0DD2 /* Foundation.framework */ = {isa = PBXFileReference; includeInIndex = 1; lastKnownFileType = wrapper.framework; name = Foundation.framework; path = System/Library/Frameworks/Foundation.framework; sourceTree = SDKROOT; };
		23D995D71459A2F6005D0DD2 /* CoreGraphics.framework */ = {isa = PBXFileReference; includeInIndex = 1; lastKnownFileType = wrapper.framework; name = CoreGraphics.framework; path = System/Library/Frameworks/CoreGraphics.framework; sourceTree = SDKROOT; };
		23D995DB1459A2F6005D0DD2 /* Default.png */ = {isa = PBXFileReference; lastKnownFileType = image.png; name = Default.png; path = Resources/Default.png; sourceTree = "<group>"; };
		23D995DD1459A2F6005D0DD2 /* fps_images.png */ = {isa = PBXFileReference; lastKnownFileType = image.png; name = fps_images.png; path = Resources/fps_images.png; sourceTree = "<group>"; };
		23D995E31459A2F6005D0DD2 /* Icon-Small.png */ = {isa = PBXFileReference; lastKnownFileType = image.png; name = "Icon-Small.png"; path = "Resources/Icon-Small.png"; sourceTree = "<group>"; };
		23D995E51459A2F6005D0DD2 /* Icon-Small@2x.png */ = {isa = PBXFileReference; lastKnownFileType = image.png; name = "Icon-Small@2x.png"; path = "Resources/Icon-Small@2x.png"; sourceTree = "<group>"; };
		23D995E71459A2F6005D0DD2 /* Icon.png */ = {isa = PBXFileReference; lastKnownFileType = image.png; name = Icon.png; path = Resources/Icon.png; sourceTree = "<group>"; };
		23D995E91459A2F6005D0DD2 /* Icon@2x.png */ = {isa = PBXFileReference; lastKnownFileType = image.png; name = "Icon@2x.png"; path = "Resources/Icon@2x.png"; sourceTree = "<group>"; };
		23D995EB1459A2F6005D0DD2 /* Info.plist */ = {isa = PBXFileReference; lastKnownFileType = text.plist.xml; name = Info.plist; path = Resources/Info.plist; sourceTree = "<group>"; };
		23D995EC1459A2F6005D0DD2 /* iTunesArtwork */ = {isa = PBXFileReference; lastKnownFileType = file; name = iTunesArtwork; path = Resources/iTunesArtwork; sourceTree = "<group>"; };
		23D997211459A2F7005D0DD2 /* Prefix.pch */ = {isa = PBXFileReference; lastKnownFileType = sourcecode.c.h; path = Prefix.pch; sourceTree = "<group>"; };
		23D997221459A2F7005D0DD2 /* main.m */ = {isa = PBXFileReference; lastKnownFileType = sourcecode.c.objc; path = main.m; sourceTree = "<group>"; };
		23D997241459A2F7005D0DD2 /* AppDelegate.h */ = {isa = PBXFileReference; lastKnownFileType = sourcecode.c.h; path = AppDelegate.h; sourceTree = "<group>"; };
		23D997251459A2F7005D0DD2 /* AppDelegate.m */ = {isa = PBXFileReference; lastKnownFileType = sourcecode.c.objc; path = AppDelegate.m; sourceTree = "<group>"; };
		23D997271459A2F7005D0DD2 /* RootViewController.h */ = {isa = PBXFileReference; lastKnownFileType = sourcecode.c.h; path = RootViewController.h; sourceTree = "<group>"; };
		23D997281459A2F7005D0DD2 /* RootViewController.m */ = {isa = PBXFileReference; lastKnownFileType = sourcecode.c.objc; path = RootViewController.m; sourceTree = "<group>"; };
		23D9972A1459A2F7005D0DD2 /* HelloWorldLayer.h */ = {isa = PBXFileReference; lastKnownFileType = sourcecode.c.h; path = HelloWorldLayer.h; sourceTree = "<group>"; };
		23D9972B1459A2F7005D0DD2 /* HelloWorldLayer.m */ = {isa = PBXFileReference; lastKnownFileType = sourcecode.c.objc; path = HelloWorldLayer.m; sourceTree = "<group>"; };
		23D9972D1459A2F7005D0DD2 /* GameConfig.h */ = {isa = PBXFileReference; lastKnownFileType = sourcecode.c.h; path = GameConfig.h; sourceTree = "<group>"; };
		23D997331459A3B1005D0DD2 /* HeapSort.h */ = {isa = PBXFileReference; fileEncoding = 4; lastKnownFileType = sourcecode.c.h; path = HeapSort.h; sourceTree = "<group>"; };
		23D997341459A3B1005D0DD2 /* HeapSort.m */ = {isa = PBXFileReference; fileEncoding = 4; lastKnownFileType = sourcecode.c.objc; path = HeapSort.m; sourceTree = "<group>"; };
		23D997361459FB78005D0DD2 /* SortAction.h */ = {isa = PBXFileReference; fileEncoding = 4; lastKnownFileType = sourcecode.c.h; path = SortAction.h; sourceTree = "<group>"; };
		23D997371459FB78005D0DD2 /* SortAction.m */ = {isa = PBXFileReference; fileEncoding = 4; lastKnownFileType = sourcecode.c.objc; path = SortAction.m; sourceTree = "<group>"; };
		23EF5B9F1472F5C000835B15 /* ConfigMenuViewControlleriPhone.h */ = {isa = PBXFileReference; fileEncoding = 4; lastKnownFileType = sourcecode.c.h; path = ConfigMenuViewControlleriPhone.h; sourceTree = "<group>"; };
		23EF5BA01472F5C000835B15 /* ConfigMenuViewControlleriPhone.m */ = {isa = PBXFileReference; fileEncoding = 4; lastKnownFileType = sourcecode.c.objc; path = ConfigMenuViewControlleriPhone.m; sourceTree = "<group>"; };
		23EF5BA11472F5C000835B15 /* ConfigMenuViewControlleriPhone.xib */ = {isa = PBXFileReference; fileEncoding = 4; lastKnownFileType = file.xib; path = ConfigMenuViewControlleriPhone.xib; sourceTree = "<group>"; };
		4EAD38CD1CDD4BCD8F71D78C /* Pods.xcconfig */ = {isa = PBXFileReference; includeInIndex = 1; lastKnownFileType = text.xcconfig; name = Pods.xcconfig; path = Pods/Pods.xcconfig; sourceTree = SOURCE_ROOT; };
/* End PBXFileReference section */

/* Begin PBXFrameworksBuildPhase section */
		23D995C21459A2F6005D0DD2 /* Frameworks */ = {
			isa = PBXFrameworksBuildPhase;
			buildActionMask = 2147483647;
			files = (
				236F66DA149BF1F1004E1E6C /* StoreKit.framework in Frameworks */,
				2306F33914781D5400EBBAC2 /* MessageUI.framework in Frameworks */,
				23D341841474D8CF00C2D55C /* CoreLocation.framework in Frameworks */,
				23D341821474D7C600C2D55C /* libsqlite3.dylib in Frameworks */,
				23D341801474D7B900C2D55C /* libz.dylib in Frameworks */,
				23D3417E1474D79F00C2D55C /* SystemConfiguration.framework in Frameworks */,
				23D3417A1474D77800C2D55C /* MediaPlayer.framework in Frameworks */,
				23D341781474D76C00C2D55C /* AddressBook.framework in Frameworks */,
				23D341761474D74100C2D55C /* MapKit.framework in Frameworks */,
				230D47DE147470A80055677F /* iAd.framework in Frameworks */,
				23D995CA1459A2F6005D0DD2 /* QuartzCore.framework in Frameworks */,
				23D995CC1459A2F6005D0DD2 /* OpenGLES.framework in Frameworks */,
				23D995CE1459A2F6005D0DD2 /* OpenAL.framework in Frameworks */,
				23D995D01459A2F6005D0DD2 /* AudioToolbox.framework in Frameworks */,
				23D995D21459A2F6005D0DD2 /* AVFoundation.framework in Frameworks */,
				23D995D41459A2F6005D0DD2 /* UIKit.framework in Frameworks */,
				23D995D61459A2F6005D0DD2 /* Foundation.framework in Frameworks */,
				23D995D81459A2F6005D0DD2 /* CoreGraphics.framework in Frameworks */,
				8CC808BD85754F92A7B13629 /* libPods.a in Frameworks */,
			);
			runOnlyForDeploymentPostprocessing = 0;
		};
/* End PBXFrameworksBuildPhase section */

/* Begin PBXGroup section */
		230D47DF147470BD0055677F /* Sorts */ = {
			isa = PBXGroup;
			children = (
				23D997361459FB78005D0DD2 /* SortAction.h */,
				23D997371459FB78005D0DD2 /* SortAction.m */,
				2397A264146DFA7600FABD16 /* MergeSort.h */,
				2397A265146DFA7600FABD16 /* MergeSort.m */,
				23A9D0B0147173C000F42D66 /* BubbleSort.h */,
				23A9D0B1147173C000F42D66 /* BubbleSort.m */,
				23A9D0B4147177CD00F42D66 /* SelectionSort.h */,
				23A9D0B5147177CD00F42D66 /* SelectionSort.m */,
				2397A260146DFA3F00FABD16 /* InsertionSort.h */,
				2397A261146DFA3F00FABD16 /* InsertionSort.m */,
				23D997331459A3B1005D0DD2 /* HeapSort.h */,
				23D997341459A3B1005D0DD2 /* HeapSort.m */,
				23695B7F148001B000318306 /* QuickSort.h */,
				23695B80148001B000318306 /* QuickSort.m */,
				2340AA5B1620B7DB0043337E /* ShuttleSort.h */,
				2340AA5C1620B7DB0043337E /* ShuttleSort.m */,
			);
			name = Sorts;
			sourceTree = "<group>";
		};
		236F66CB149BB978004E1E6C /* Images */ = {
			isa = PBXGroup;
			children = (
				23D995EC1459A2F6005D0DD2 /* iTunesArtwork */,
				2311B29B1471CE5F00500D9A /* icon-Small-50.png */,
				23620C7F1471CCCA00960C7E /* icon-72.png */,
				230543761471DC2A00B3A1E2 /* blueArrow.png */,
				230543771471DC2A00B3A1E2 /* greenArrow.png */,
				23D12AE81475A2CE0032BA2B /* redArrow.png */,
				23D995DB1459A2F6005D0DD2 /* Default.png */,
				23D995DD1459A2F6005D0DD2 /* fps_images.png */,
				23D995E31459A2F6005D0DD2 /* Icon-Small.png */,
				23D995E51459A2F6005D0DD2 /* Icon-Small@2x.png */,
				23D995E71459A2F6005D0DD2 /* Icon.png */,
				23D995E91459A2F6005D0DD2 /* Icon@2x.png */,
			);
			name = Images;
			sourceTree = "<group>";
		};
		23D995BA1459A2F6005D0DD2 = {
			isa = PBXGroup;
			children = (
				2340AA5F1620BA160043337E /* Default-568h@2x.png */,
				23D995D91459A2F6005D0DD2 /* Sorting */,
				23D995C61459A2F6005D0DD2 /* Products */,
				4EAD38CD1CDD4BCD8F71D78C /* Pods.xcconfig */,
			);
			sourceTree = "<group>";
		};
		23D995C61459A2F6005D0DD2 /* Products */ = {
			isa = PBXGroup;
			children = (
				23D995C51459A2F6005D0DD2 /* SortIt.app */,
			);
			name = Products;
			sourceTree = "<group>";
		};
		23D995C81459A2F6005D0DD2 /* Frameworks */ = {
			isa = PBXGroup;
			children = (
				236F66D9149BF1F1004E1E6C /* StoreKit.framework */,
				23D341831474D8CF00C2D55C /* CoreLocation.framework */,
				23D341811474D7C500C2D55C /* libsqlite3.dylib */,
				2306F33814781D5400EBBAC2 /* MessageUI.framework */,
				23D3417F1474D7B900C2D55C /* libz.dylib */,
				23D3417D1474D79F00C2D55C /* SystemConfiguration.framework */,
				23D341791474D77800C2D55C /* MediaPlayer.framework */,
				23D341771474D76C00C2D55C /* AddressBook.framework */,
				23D341751474D74000C2D55C /* MapKit.framework */,
				230D47DD147470A80055677F /* iAd.framework */,
				23D995C91459A2F6005D0DD2 /* QuartzCore.framework */,
				23D995CB1459A2F6005D0DD2 /* OpenGLES.framework */,
				23D995CD1459A2F6005D0DD2 /* OpenAL.framework */,
				23D995CF1459A2F6005D0DD2 /* AudioToolbox.framework */,
				23D995D11459A2F6005D0DD2 /* AVFoundation.framework */,
				23D995D31459A2F6005D0DD2 /* UIKit.framework */,
				23D995D51459A2F6005D0DD2 /* Foundation.framework */,
				23D995D71459A2F6005D0DD2 /* CoreGraphics.framework */,
				1D54701B140447E0A2C3E75E /* libPods.a */,
			);
			name = Frameworks;
			path = ..;
			sourceTree = "<group>";
		};
		23D995D91459A2F6005D0DD2 /* Sorting */ = {
			isa = PBXGroup;
			children = (
				2340AAFB162111E40043337E /* MainStoryboard_iPad.storyboard */,
				2340AAFD162111E50043337E /* MainStoryboard_iPhone.storyboard */,
				23AA85B51471F3E200AA29B7 /* CocoaHelper.h */,
				23AA85B61471F3E200AA29B7 /* CocoaHelper.m */,
				23AA85B91471F3FF00AA29B7 /* ConfigMenuViewController.h */,
				23AA85BA1471F3FF00AA29B7 /* ConfigMenuViewController.m */,
				23AA85BB1471F3FF00AA29B7 /* ConfigMenuViewController.xib */,
				23EF5B9F1472F5C000835B15 /* ConfigMenuViewControlleriPhone.h */,
				23EF5BA01472F5C000835B15 /* ConfigMenuViewControlleriPhone.m */,
				23EF5BA11472F5C000835B15 /* ConfigMenuViewControlleriPhone.xib */,
				23D997241459A2F7005D0DD2 /* AppDelegate.h */,
				23D997251459A2F7005D0DD2 /* AppDelegate.m */,
				23D997271459A2F7005D0DD2 /* RootViewController.h */,
				23D997281459A2F7005D0DD2 /* RootViewController.m */,
				23D9972A1459A2F7005D0DD2 /* HelloWorldLayer.h */,
				23D9972B1459A2F7005D0DD2 /* HelloWorldLayer.m */,
				23D9972D1459A2F7005D0DD2 /* GameConfig.h */,
				236F66DE149BF26B004E1E6C /* MBProgressHUD.h */,
				236F66DF149BF26B004E1E6C /* MBProgressHUD.m */,
				236F66E0149BF26B004E1E6C /* Reachability.h */,
				236F66E1149BF26B004E1E6C /* Reachability.m */,
				2340AA971620FE720043337E /* Constants.h */,
				230D47DF147470BD0055677F /* Sorts */,
				23D995DA1459A2F6005D0DD2 /* Resources */,
				23D997201459A2F7005D0DD2 /* Supporting Files */,
			);
			name = Sorting;
			path = SortIt;
			sourceTree = "<group>";
		};
		23D995DA1459A2F6005D0DD2 /* Resources */ = {
			isa = PBXGroup;
			children = (
				236F66CB149BB978004E1E6C /* Images */,
				23D995EB1459A2F6005D0DD2 /* Info.plist */,
				236F66D0149BB9D6004E1E6C /* IAPProducts.plist */,
				236F66CE149BB9C3004E1E6C /* IAPPuchased.plist */,
			);
			name = Resources;
			sourceTree = "<group>";
		};
		23D997201459A2F7005D0DD2 /* Supporting Files */ = {
			isa = PBXGroup;
			children = (
				23D995C81459A2F6005D0DD2 /* Frameworks */,
				23D997211459A2F7005D0DD2 /* Prefix.pch */,
				23D997221459A2F7005D0DD2 /* main.m */,
			);
			name = "Supporting Files";
			sourceTree = "<group>";
		};
/* End PBXGroup section */

/* Begin PBXNativeTarget section */
		23D995C41459A2F6005D0DD2 /* SortIt */ = {
			isa = PBXNativeTarget;
			buildConfigurationList = 23D997301459A2F7005D0DD2 /* Build configuration list for PBXNativeTarget "SortIt" */;
			buildPhases = (
				23D995C11459A2F6005D0DD2 /* Sources */,
				23D995C21459A2F6005D0DD2 /* Frameworks */,
				23D995C31459A2F6005D0DD2 /* Resources */,
				23695B821480059400318306 /* ShellScript */,
				CE37FA656B854D2C81C08581 /* Copy Pods Resources */,
			);
			buildRules = (
			);
			dependencies = (
			);
			name = SortIt;
			productName = SortIt;
			productReference = 23D995C51459A2F6005D0DD2 /* SortIt.app */;
			productType = "com.apple.product-type.application";
		};
/* End PBXNativeTarget section */

/* Begin PBXProject section */
		23D995BC1459A2F6005D0DD2 /* Project object */ = {
			isa = PBXProject;
			attributes = {
				LastUpgradeCheck = 0450;
				ORGANIZATIONNAME = "Desch Enterprises";
			};
			buildConfigurationList = 23D995BF1459A2F6005D0DD2 /* Build configuration list for PBXProject "SortIt" */;
			compatibilityVersion = "Xcode 3.2";
			developmentRegion = English;
			hasScannedForEncodings = 0;
			knownRegions = (
				en,
			);
			mainGroup = 23D995BA1459A2F6005D0DD2;
			productRefGroup = 23D995C61459A2F6005D0DD2 /* Products */;
			projectDirPath = "";
			projectRoot = "";
			targets = (
				23D995C41459A2F6005D0DD2 /* SortIt */,
			);
		};
/* End PBXProject section */

/* Begin PBXResourcesBuildPhase section */
		23D995C31459A2F6005D0DD2 /* Resources */ = {
			isa = PBXResourcesBuildPhase;
			buildActionMask = 2147483647;
			files = (
				23D995DC1459A2F6005D0DD2 /* Default.png in Resources */,
				23D995DE1459A2F6005D0DD2 /* fps_images.png in Resources */,
				23D995E41459A2F6005D0DD2 /* Icon-Small.png in Resources */,
				23D995E61459A2F6005D0DD2 /* Icon-Small@2x.png in Resources */,
				23D995E81459A2F6005D0DD2 /* Icon.png in Resources */,
				23D995EA1459A2F6005D0DD2 /* Icon@2x.png in Resources */,
				23D995ED1459A2F6005D0DD2 /* iTunesArtwork in Resources */,
				23620C801471CCCA00960C7E /* icon-72.png in Resources */,
				2311B29C1471CE5F00500D9A /* icon-Small-50.png in Resources */,
				230543791471DC2A00B3A1E2 /* blueArrow.png in Resources */,
				2305437A1471DC2A00B3A1E2 /* greenArrow.png in Resources */,
				23AA85BD1471F40000AA29B7 /* ConfigMenuViewController.xib in Resources */,
				23EF5BA31472F5C000835B15 /* ConfigMenuViewControlleriPhone.xib in Resources */,
				23D12AE91475A2CE0032BA2B /* redArrow.png in Resources */,
				236F66CF149BB9C3004E1E6C /* IAPPuchased.plist in Resources */,
				236F66D1149BB9D6004E1E6C /* IAPProducts.plist in Resources */,
				2340AA601620BA160043337E /* Default-568h@2x.png in Resources */,
				2340AAFF162111E70043337E /* MainStoryboard_iPad.storyboard in Resources */,
				2340AB00162111E70043337E /* MainStoryboard_iPhone.storyboard in Resources */,
			);
			runOnlyForDeploymentPostprocessing = 0;
		};
/* End PBXResourcesBuildPhase section */

/* Begin PBXShellScriptBuildPhase section */
		23695B821480059400318306 /* ShellScript */ = {
			isa = PBXShellScriptBuildPhase;
			buildActionMask = 2147483647;
			files = (
			);
			inputPaths = (
			);
			outputPaths = (
			);
			runOnlyForDeploymentPostprocessing = 0;
			shellPath = /bin/bash;
			shellScript = "#!/bin/bash\n# Auto Increment Version Script\n#buildPlist=\"SortIt/Resources/Info.plist\"\n#buildVersion=$(/usr/libexec/PlistBuddy -c \"Print CFBuildVersion\" $buildPlist)\n#buildNumber=$(/usr/libexec/PlistBuddy -c \"Print CFBuildNumber\" $buildPlist)\n#buildNumber=$(($buildNumber + 1))\n#/usr/libexec/PlistBuddy -c \"Set :CFBuildNumber $buildNumber\" $buildPlist\n#/usr/libexec/PlistBuddy -c \"Set :CFBundleVersion $buildVersion.$buildNumber\" $buildPlist\n#/usr/libexec/PlistBuddy -c \"Set :CFBundleShortVersionString $buildVersion.$buildNumber\" $buildPlist";
		};
		CE37FA656B854D2C81C08581 /* Copy Pods Resources */ = {
			isa = PBXShellScriptBuildPhase;
			buildActionMask = 2147483647;
			files = (
			);
			inputPaths = (
			);
			name = "Copy Pods Resources";
			outputPaths = (
			);
			runOnlyForDeploymentPostprocessing = 0;
			shellPath = /bin/sh;
			shellScript = "\"${SRCROOT}/Pods/Pods-resources.sh\"\n";
		};
/* End PBXShellScriptBuildPhase section */

/* Begin PBXSourcesBuildPhase section */
		23D995C11459A2F6005D0DD2 /* Sources */ = {
			isa = PBXSourcesBuildPhase;
			buildActionMask = 2147483647;
			files = (
				23D997231459A2F7005D0DD2 /* main.m in Sources */,
				23D997261459A2F7005D0DD2 /* AppDelegate.m in Sources */,
				23D997291459A2F7005D0DD2 /* RootViewController.m in Sources */,
				23D9972C1459A2F7005D0DD2 /* HelloWorldLayer.m in Sources */,
				23D997351459A3B1005D0DD2 /* HeapSort.m in Sources */,
				23D997381459FB79005D0DD2 /* SortAction.m in Sources */,
				2397A262146DFA3F00FABD16 /* InsertionSort.m in Sources */,
				2397A266146DFA7600FABD16 /* MergeSort.m in Sources */,
				23A9D0B2147173C000F42D66 /* BubbleSort.m in Sources */,
				23A9D0B6147177CE00F42D66 /* SelectionSort.m in Sources */,
				23AA85B71471F3E300AA29B7 /* CocoaHelper.m in Sources */,
				23AA85BC1471F40000AA29B7 /* ConfigMenuViewController.m in Sources */,
				23EF5BA21472F5C000835B15 /* ConfigMenuViewControlleriPhone.m in Sources */,
				23695B81148001B000318306 /* QuickSort.m in Sources */,
				236F66E2149BF26C004E1E6C /* MBProgressHUD.m in Sources */,
				236F66E3149BF26C004E1E6C /* Reachability.m in Sources */,
				2340AA5D1620B7DB0043337E /* ShuttleSort.m in Sources */,
			);
			runOnlyForDeploymentPostprocessing = 0;
		};
/* End PBXSourcesBuildPhase section */

/* Begin PBXVariantGroup section */
		2340AAFB162111E40043337E /* MainStoryboard_iPad.storyboard */ = {
			isa = PBXVariantGroup;
			children = (
				2340AAFC162111E50043337E /* en */,
			);
			name = MainStoryboard_iPad.storyboard;
			sourceTree = "<group>";
		};
		2340AAFD162111E50043337E /* MainStoryboard_iPhone.storyboard */ = {
			isa = PBXVariantGroup;
			children = (
				2340AAFE162111E70043337E /* en */,
			);
			name = MainStoryboard_iPhone.storyboard;
			sourceTree = "<group>";
		};
/* End PBXVariantGroup section */

/* Begin XCBuildConfiguration section */
		23D9972E1459A2F7005D0DD2 /* Debug */ = {
			isa = XCBuildConfiguration;
			buildSettings = {
				ARCHS = "$(ARCHS_STANDARD_32_BIT)";
				CODE_SIGN_IDENTITY = "iPhone Distribution";
				"CODE_SIGN_IDENTITY[sdk=iphoneos*]" = "iPhone Distribution";
				GCC_C_LANGUAGE_STANDARD = gnu99;
				GCC_OPTIMIZATION_LEVEL = 0;
				GCC_PREPROCESSOR_DEFINITIONS = (
					DEBUG,
					"COCOS2D_DEBUG=1",
				);
				GCC_SYMBOLS_PRIVATE_EXTERN = NO;
				GCC_VERSION = com.apple.compilers.llvmgcc42;
				GCC_WARN_ABOUT_RETURN_TYPE = YES;
				GCC_WARN_UNUSED_VARIABLE = YES;
				IPHONEOS_DEPLOYMENT_TARGET = 4.0;
				PROVISIONING_PROFILE = "";
				"PROVISIONING_PROFILE[sdk=iphoneos*]" = "";
				SDKROOT = iphoneos;
			};
			name = Debug;
		};
		23D9972F1459A2F7005D0DD2 /* Release */ = {
			isa = XCBuildConfiguration;
			buildSettings = {
				ARCHS = "$(ARCHS_STANDARD_32_BIT)";
				CODE_SIGN_IDENTITY = "iPhone Distribution";
				"CODE_SIGN_IDENTITY[sdk=iphoneos*]" = "iPhone Distribution";
				GCC_C_LANGUAGE_STANDARD = gnu99;
				GCC_PREPROCESSOR_DEFINITIONS = NDEBUG;
				GCC_VERSION = com.apple.compilers.llvmgcc42;
				GCC_WARN_ABOUT_RETURN_TYPE = YES;
				GCC_WARN_UNUSED_VARIABLE = YES;
				IPHONEOS_DEPLOYMENT_TARGET = 4.0;
				OTHER_CFLAGS = "-DNS_BLOCK_ASSERTIONS=1";
				PROVISIONING_PROFILE = "";
				"PROVISIONING_PROFILE[sdk=iphoneos*]" = "";
				SDKROOT = iphoneos;
			};
			name = Release;
		};
		23D997311459A2F7005D0DD2 /* Debug */ = {
			isa = XCBuildConfiguration;
			baseConfigurationReference = 4EAD38CD1CDD4BCD8F71D78C /* Pods.xcconfig */;
			buildSettings = {
				ALWAYS_SEARCH_USER_PATHS = "$(inherited)";
				ARCHS = (
					"$(ARCHS_STANDARD_32_BIT)",
					armv6,
				);
				CODE_SIGN_IDENTITY = "iPhone Developer";
				"CODE_SIGN_IDENTITY[sdk=iphoneos*]" = "iPhone Developer";
				COPY_PHASE_STRIP = NO;
				GCC_DYNAMIC_NO_PIC = NO;
				GCC_PRECOMPILE_PREFIX_HEADER = YES;
				GCC_PREFIX_HEADER = SortIt/Prefix.pch;
				GCC_THUMB_SUPPORT = NO;
				"GCC_THUMB_SUPPORT[arch=armv6]" = "";
				GCC_VERSION = com.apple.compilers.llvm.clang.1_0;
				INFOPLIST_FILE = SortIt/Resources/Info.plist;
				IPHONEOS_DEPLOYMENT_TARGET = 4.3;
				LIBRARY_SEARCH_PATHS = (
					"$(inherited)",
					"\"$(SRCROOT)/SortIt\"",
					"\"$(SRCROOT)/SortIt/CrittercismSDK\"",
					"\"$(SRCROOT)\"",
				);
				OTHER_LDFLAGS = "$(inherited)";
				PRODUCT_NAME = SortIt;
				PROVISIONING_PROFILE = "";
				"PROVISIONING_PROFILE[sdk=iphoneos*]" = "";
				SDKROOT = iphoneos;
				TARGETED_DEVICE_FAMILY = "1,2";
				VALIDATE_PRODUCT = YES;
				VALID_ARCHS = "armv7 armv7s armv6";
				WRAPPER_EXTENSION = app;
			};
			name = Debug;
		};
		23D997321459A2F7005D0DD2 /* Release */ = {
			isa = XCBuildConfiguration;
			baseConfigurationReference = 4EAD38CD1CDD4BCD8F71D78C /* Pods.xcconfig */;
			buildSettings = {
				ALWAYS_SEARCH_USER_PATHS = "$(inherited)";
				ARCHS = (
					"$(ARCHS_STANDARD_32_BIT)",
					armv6,
				);
				CODE_SIGN_IDENTITY = "iPhone Distribution";
				"CODE_SIGN_IDENTITY[sdk=iphoneos*]" = "iPhone Distribution";
				COPY_PHASE_STRIP = YES;
				GCC_PRECOMPILE_PREFIX_HEADER = YES;
				GCC_PREFIX_HEADER = SortIt/Prefix.pch;
				GCC_THUMB_SUPPORT = NO;
				"GCC_THUMB_SUPPORT[arch=armv6]" = "";
				GCC_VERSION = com.apple.compilers.llvm.clang.1_0;
				INFOPLIST_FILE = SortIt/Resources/Info.plist;
				IPHONEOS_DEPLOYMENT_TARGET = 4.3;
				LIBRARY_SEARCH_PATHS = (
					"$(inherited)",
					"\"$(SRCROOT)/SortIt\"",
					"\"$(SRCROOT)/SortIt/CrittercismSDK\"",
					"\"$(SRCROOT)\"",
				);
				OTHER_LDFLAGS = "$(inherited)";
				PRODUCT_NAME = SortIt;
				PROVISIONING_PROFILE = "";
				"PROVISIONING_PROFILE[sdk=iphoneos*]" = "";
				SDKROOT = iphoneos;
				TARGETED_DEVICE_FAMILY = "1,2";
				VALIDATE_PRODUCT = YES;
				VALID_ARCHS = "armv7 armv7s armv6";
				WRAPPER_EXTENSION = app;
			};
			name = Release;
		};
/* End XCBuildConfiguration section */

/* Begin XCConfigurationList section */
		23D995BF1459A2F6005D0DD2 /* Build configuration list for PBXProject "SortIt" */ = {
			isa = XCConfigurationList;
			buildConfigurations = (
				23D9972E1459A2F7005D0DD2 /* Debug */,
				23D9972F1459A2F7005D0DD2 /* Release */,
			);
			defaultConfigurationIsVisible = 0;
			defaultConfigurationName = Release;
		};
		23D997301459A2F7005D0DD2 /* Build configuration list for PBXNativeTarget "SortIt" */ = {
			isa = XCConfigurationList;
			buildConfigurations = (
				23D997311459A2F7005D0DD2 /* Debug */,
				23D997321459A2F7005D0DD2 /* Release */,
			);
			defaultConfigurationIsVisible = 0;
			defaultConfigurationName = Release;
		};
/* End XCConfigurationList section */
	};
	rootObject = 23D995BC1459A2F6005D0DD2 /* Project object */;
}
